
Microsoft Visual Studio Solution File, Format Version 12.00
# Visual Studio Version 17
VisualStudioVersion = 17.7.34031.279
MinimumVisualStudioVersion = 10.0.40219.1
Project("{FAE04EC0-301F-11D3-BF4B-00C04F79EFBC}") = "ejerciciosSemana10", "ejerciciosSemana10\ejerciciosSemana10.csproj", "{A8DB9BA8-C2F5-46A0-B517-D8B7D90D88C2}"
EndProject
Global
	GlobalSection(SolutionConfigurationPlatforms) = preSolution
		Debug|Any CPU = Debug|Any CPU
		Release|Any CPU = Release|Any CPU
	EndGlobalSection
	GlobalSection(ProjectConfigurationPlatforms) = postSolution
		{A8DB9BA8-C2F5-46A0-B517-D8B7D90D88C2}.Debug|Any CPU.ActiveCfg = Debug|Any CPU
		{A8DB9BA8-C2F5-46A0-B517-D8B7D90D88C2}.Debug|Any CPU.Build.0 = Debug|Any CPU
		{A8DB9BA8-C2F5-46A0-B517-D8B7D90D88C2}.Release|Any CPU.ActiveCfg = Release|Any CPU
		{A8DB9BA8-C2F5-46A0-B517-D8B7D90D88C2}.Release|Any CPU.Build.0 = Release|Any CPU
	EndGlobalSection
	GlobalSection(SolutionProperties) = preSolution
		HideSolutionNode = FALSE
	EndGlobalSection
	GlobalSection(ExtensibilityGlobals) = postSolution
		SolutionGuid = {34FEE693-6FDA-4FFA-A283-111928D5E2C7}
	EndGlobalSection
EndGlobal
