
Microsoft Visual Studio Solution File, Format Version 12.00
# Visual Studio Version 17
VisualStudioVersion = 17.7.34031.279
MinimumVisualStudioVersion = 10.0.40219.1
Project("{FAE04EC0-301F-11D3-BF4B-00C04F79EFBC}") = "EjerciciosSEMANA11", "EjerciciosSEMANA11\EjerciciosSEMANA11.csproj", "{FFDC0886-0220-4D17-A5A6-54A70564FE8A}"
EndProject
Global
	GlobalSection(SolutionConfigurationPlatforms) = preSolution
		Debug|Any CPU = Debug|Any CPU
		Release|Any CPU = Release|Any CPU
	EndGlobalSection
	GlobalSection(ProjectConfigurationPlatforms) = postSolution
		{FFDC0886-0220-4D17-A5A6-54A70564FE8A}.Debug|Any CPU.ActiveCfg = Debug|Any CPU
		{FFDC0886-0220-4D17-A5A6-54A70564FE8A}.Debug|Any CPU.Build.0 = Debug|Any CPU
		{FFDC0886-0220-4D17-A5A6-54A70564FE8A}.Release|Any CPU.ActiveCfg = Release|Any CPU
		{FFDC0886-0220-4D17-A5A6-54A70564FE8A}.Release|Any CPU.Build.0 = Release|Any CPU
	EndGlobalSection
	GlobalSection(SolutionProperties) = preSolution
		HideSolutionNode = FALSE
	EndGlobalSection
	GlobalSection(ExtensibilityGlobals) = postSolution
		SolutionGuid = {741E69E9-AC80-47DB-BB73-2DC555328885}
	EndGlobalSection
EndGlobal
