
Microsoft Visual Studio Solution File, Format Version 12.00
# Visual Studio Version 17
VisualStudioVersion = 17.7.34031.279
MinimumVisualStudioVersion = 10.0.40219.1
Project("{FAE04EC0-301F-11D3-BF4B-00C04F79EFBC}") = "reactangulo", "reactangulo\reactangulo.csproj", "{6A1D7E5D-1157-44FD-B1AB-2BA7FBA77248}"
EndProject
Global
	GlobalSection(SolutionConfigurationPlatforms) = preSolution
		Debug|Any CPU = Debug|Any CPU
		Release|Any CPU = Release|Any CPU
	EndGlobalSection
	GlobalSection(ProjectConfigurationPlatforms) = postSolution
		{6A1D7E5D-1157-44FD-B1AB-2BA7FBA77248}.Debug|Any CPU.ActiveCfg = Debug|Any CPU
		{6A1D7E5D-1157-44FD-B1AB-2BA7FBA77248}.Debug|Any CPU.Build.0 = Debug|Any CPU
		{6A1D7E5D-1157-44FD-B1AB-2BA7FBA77248}.Release|Any CPU.ActiveCfg = Release|Any CPU
		{6A1D7E5D-1157-44FD-B1AB-2BA7FBA77248}.Release|Any CPU.Build.0 = Release|Any CPU
	EndGlobalSection
	GlobalSection(SolutionProperties) = preSolution
		HideSolutionNode = FALSE
	EndGlobalSection
	GlobalSection(ExtensibilityGlobals) = postSolution
		SolutionGuid = {7A964CD3-6A95-46E2-BBD7-286B9628E756}
	EndGlobalSection
EndGlobal
