
Microsoft Visual Studio Solution File, Format Version 12.00
# Visual Studio Version 17
VisualStudioVersion = 17.7.34031.279
MinimumVisualStudioVersion = 10.0.40219.1
Project("{FAE04EC0-301F-11D3-BF4B-00C04F79EFBC}") = "tabla-de-multiplicar", "tabla-de-multiplicar\tabla-de-multiplicar.csproj", "{FB414576-C949-4E1F-A91A-1DFCD3755B08}"
EndProject
Global
	GlobalSection(SolutionConfigurationPlatforms) = preSolution
		Debug|Any CPU = Debug|Any CPU
		Release|Any CPU = Release|Any CPU
	EndGlobalSection
	GlobalSection(ProjectConfigurationPlatforms) = postSolution
		{FB414576-C949-4E1F-A91A-1DFCD3755B08}.Debug|Any CPU.ActiveCfg = Debug|Any CPU
		{FB414576-C949-4E1F-A91A-1DFCD3755B08}.Debug|Any CPU.Build.0 = Debug|Any CPU
		{FB414576-C949-4E1F-A91A-1DFCD3755B08}.Release|Any CPU.ActiveCfg = Release|Any CPU
		{FB414576-C949-4E1F-A91A-1DFCD3755B08}.Release|Any CPU.Build.0 = Release|Any CPU
	EndGlobalSection
	GlobalSection(SolutionProperties) = preSolution
		HideSolutionNode = FALSE
	EndGlobalSection
	GlobalSection(ExtensibilityGlobals) = postSolution
		SolutionGuid = {B18013E9-D886-480F-BA48-8B7BD1964306}
	EndGlobalSection
EndGlobal
