
Microsoft Visual Studio Solution File, Format Version 12.00
# Visual Studio Version 17
VisualStudioVersion = 17.8.34408.163
MinimumVisualStudioVersion = 10.0.40219.1
Project("{FAE04EC0-301F-11D3-BF4B-00C04F79EFBC}") = "RegistroDeUsuarios", "RegistroDeUsuarios\RegistroDeUsuarios.csproj", "{46420D81-BE5C-4F3C-972E-926AD29413CE}"
EndProject
Global
	GlobalSection(SolutionConfigurationPlatforms) = preSolution
		Debug|Any CPU = Debug|Any CPU
		Release|Any CPU = Release|Any CPU
	EndGlobalSection
	GlobalSection(ProjectConfigurationPlatforms) = postSolution
		{46420D81-BE5C-4F3C-972E-926AD29413CE}.Debug|Any CPU.ActiveCfg = Debug|Any CPU
		{46420D81-BE5C-4F3C-972E-926AD29413CE}.Debug|Any CPU.Build.0 = Debug|Any CPU
		{46420D81-BE5C-4F3C-972E-926AD29413CE}.Release|Any CPU.ActiveCfg = Release|Any CPU
		{46420D81-BE5C-4F3C-972E-926AD29413CE}.Release|Any CPU.Build.0 = Release|Any CPU
	EndGlobalSection
	GlobalSection(SolutionProperties) = preSolution
		HideSolutionNode = FALSE
	EndGlobalSection
	GlobalSection(ExtensibilityGlobals) = postSolution
		SolutionGuid = {1AAEAC6A-EE8B-4C65-8E36-5D5096679216}
	EndGlobalSection
EndGlobal
