
Microsoft Visual Studio Solution File, Format Version 12.00
# Visual Studio Version 17
VisualStudioVersion = 17.7.34031.279
MinimumVisualStudioVersion = 10.0.40219.1
Project("{FAE04EC0-301F-11D3-BF4B-00C04F79EFBC}") = "ejercicio5MultiplicarTresFactores", "ejercicio5MultiplicarTresFactores\ejercicio5MultiplicarTresFactores.csproj", "{AA9EC1A9-7AB2-4F0E-A070-549D644D856D}"
EndProject
Global
	GlobalSection(SolutionConfigurationPlatforms) = preSolution
		Debug|Any CPU = Debug|Any CPU
		Release|Any CPU = Release|Any CPU
	EndGlobalSection
	GlobalSection(ProjectConfigurationPlatforms) = postSolution
		{AA9EC1A9-7AB2-4F0E-A070-549D644D856D}.Debug|Any CPU.ActiveCfg = Debug|Any CPU
		{AA9EC1A9-7AB2-4F0E-A070-549D644D856D}.Debug|Any CPU.Build.0 = Debug|Any CPU
		{AA9EC1A9-7AB2-4F0E-A070-549D644D856D}.Release|Any CPU.ActiveCfg = Release|Any CPU
		{AA9EC1A9-7AB2-4F0E-A070-549D644D856D}.Release|Any CPU.Build.0 = Release|Any CPU
	EndGlobalSection
	GlobalSection(SolutionProperties) = preSolution
		HideSolutionNode = FALSE
	EndGlobalSection
	GlobalSection(ExtensibilityGlobals) = postSolution
		SolutionGuid = {8C96ED9B-2764-4023-AD42-1D878917282B}
	EndGlobalSection
EndGlobal
